
Microsoft Visual Studio Solution File, Format Version 12.00
# Visual Studio 15
VisualStudioVersion = 15.0.27004.2005
MinimumVisualStudioVersion = 10.0.40219.1
Project("{8BC9CEB8-8B4A-11D0-8D11-00A0C91BC942}") = "RaspberryPi", "RaspberryPi.vcxproj", "{FB5F83C9-A5AF-4DE9-9B5D-1FEC06969BA7}"
EndProject
Global
	GlobalSection(SolutionConfigurationPlatforms) = preSolution
		Pi1|External  Build = Pi1|External  Build
		Pi1|x86 = Pi1|x86
		Pi2|External  Build = Pi2|External  Build
		Pi2|x86 = Pi2|x86
		Pi3|External  Build = Pi3|External  Build
		Pi3|x86 = Pi3|x86
	EndGlobalSection
	GlobalSection(ProjectConfigurationPlatforms) = postSolution
		{FB5F83C9-A5AF-4DE9-9B5D-1FEC06969BA7}.Pi1|External  Build.ActiveCfg = Pi1|Win32
		{FB5F83C9-A5AF-4DE9-9B5D-1FEC06969BA7}.Pi1|x86.ActiveCfg = Pi1|Win32
		{FB5F83C9-A5AF-4DE9-9B5D-1FEC06969BA7}.Pi1|x86.Build.0 = Pi1|Win32
		{FB5F83C9-A5AF-4DE9-9B5D-1FEC06969BA7}.Pi2|External  Build.ActiveCfg = Pi2|Win32
		{FB5F83C9-A5AF-4DE9-9B5D-1FEC06969BA7}.Pi2|x86.ActiveCfg = Pi2|Win32
		{FB5F83C9-A5AF-4DE9-9B5D-1FEC06969BA7}.Pi2|x86.Build.0 = Pi2|Win32
		{FB5F83C9-A5AF-4DE9-9B5D-1FEC06969BA7}.Pi3|External  Build.ActiveCfg = Pi3|Win32
		{FB5F83C9-A5AF-4DE9-9B5D-1FEC06969BA7}.Pi3|External  Build.Build.0 = Pi3|Win32
		{FB5F83C9-A5AF-4DE9-9B5D-1FEC06969BA7}.Pi3|x86.ActiveCfg = Pi3|Win32
		{FB5F83C9-A5AF-4DE9-9B5D-1FEC06969BA7}.Pi3|x86.Build.0 = Pi3|Win32
	EndGlobalSection
	GlobalSection(SolutionProperties) = preSolution
		HideSolutionNode = FALSE
	EndGlobalSection
	GlobalSection(ExtensibilityGlobals) = postSolution
		SolutionGuid = {358EF866-63C3-4082-8E04-70C69EF4FBA8}
	EndGlobalSection
EndGlobal
